{
  "name": "ide-laravel",
  "version": "0.0.0-prerelease",
  "lockfileVersion": 1,
  "requires": true,
  "dependencies": {
    "JSONStream": {
      "version": "1.3.2",
      "resolved": "https://registry.npmjs.org/JSONStream/-/JSONStream-1.3.2.tgz",
      "integrity": "sha1-wQI3G27Dp887hHygDCC7D85Mbeo=",
      "requires": {
        "jsonparse": "1.3.1",
        "through": "2.3.8"
      }
    },
    "atom-languageclient": {
      "version": "0.8.3",
      "resolved": "https://registry.npmjs.org/atom-languageclient/-/atom-languageclient-0.8.3.tgz",
      "integrity": "sha1-jOPHWAUXg6U6HTiIlufZnU/I4Qw=",
      "requires": {
        "fuzzaldrin-plus": "0.6.0",
        "vscode-jsonrpc": "3.5.0"
      }
    },
    "file-url": {
      "version": "2.0.2",
      "resolved": "https://registry.npmjs.org/file-url/-/file-url-2.0.2.tgz",
      "integrity": "sha1-6VF4TXkJUSfTcTApqwY/QIGMoq4="
    },
    "fs-extra": {
      "version": "5.0.0",
      "resolved": "https://registry.npmjs.org/fs-extra/-/fs-extra-5.0.0.tgz",
      "integrity": "sha512-66Pm4RYbjzdyeuqudYqhFiNBbCIuI9kgRqLPSHIlXHidW8NIQtVdkM1yeZ4lXwuhbTETv3EUGMNHAAw6hiundQ==",
      "requires": {
        "graceful-fs": "4.1.11",
        "jsonfile": "4.0.0",
        "universalify": "0.1.1"
      }
    },
    "fuzzaldrin-plus": {
      "version": "0.6.0",
      "resolved": "https://registry.npmjs.org/fuzzaldrin-plus/-/fuzzaldrin-plus-0.6.0.tgz",
      "integrity": "sha1-gy9kifvodnaUWVmckUpnDsIpR+4="
    },
    "graceful-fs": {
      "version": "4.1.11",
      "resolved": "https://registry.npmjs.org/graceful-fs/-/graceful-fs-4.1.11.tgz",
      "integrity": "sha1-Dovf5NHduIVNZOBOp8AOKgJuVlg="
    },
    "intelephense": {
      "version": "0.8.8",
      "resolved": "https://registry.npmjs.org/intelephense/-/intelephense-0.8.8.tgz",
      "integrity": "sha512-WIccLu09KJksDyU39GWp2vJ0wwTbs8yCacPkK6qQVezQsoOShxQrjs/op6pExLbbPp1XJAtgRg2DfHI17bXx+w==",
      "requires": {
        "JSONStream": "1.3.2",
        "fs-extra": "5.0.0",
        "php7parser": "1.0.8",
        "vscode-languageserver-types": "3.5.0"
      }
    },
    "intelephense-server": {
      "version": "0.8.8",
      "resolved": "https://registry.npmjs.org/intelephense-server/-/intelephense-server-0.8.8.tgz",
      "integrity": "sha512-agX/uP/5HhSQQJiO1BA+nzKRqHKGWmKviucqK6D/GUAB9Tgr2TVSz+jnBIVwesT90s/MzVYiUfW5p+PV5JUm8A==",
      "requires": {
        "intelephense": "0.8.8",
        "vscode-languageserver": "4.0.0-next.5"
      }
    },
    "jsonfile": {
      "version": "4.0.0",
      "resolved": "https://registry.npmjs.org/jsonfile/-/jsonfile-4.0.0.tgz",
      "integrity": "sha1-h3Gq4HmbZAdrdmQPygWPnBDjPss=",
      "requires": {
        "graceful-fs": "4.1.11"
      }
    },
    "jsonparse": {
      "version": "1.3.1",
      "resolved": "https://registry.npmjs.org/jsonparse/-/jsonparse-1.3.1.tgz",
      "integrity": "sha1-P02uSpH6wxX3EGL4UhzCOfE2YoA="
    },
    "php7parser": {
      "version": "1.0.8",
      "resolved": "https://registry.npmjs.org/php7parser/-/php7parser-1.0.8.tgz",
      "integrity": "sha512-c3upozgch1eKr7NK+UwznRXDCLN9aim4zUTLrXo04bqtb8vu4vauK5kq6GmG0sl3MhL5XbNpyayJJ8FHov+IOQ=="
    },
    "through": {
      "version": "2.3.8",
      "resolved": "https://registry.npmjs.org/through/-/through-2.3.8.tgz",
      "integrity": "sha1-DdTJ/6q8NXlgsbckEV1+Doai4fU="
    },
    "universalify": {
      "version": "0.1.1",
      "resolved": "https://registry.npmjs.org/universalify/-/universalify-0.1.1.tgz",
      "integrity": "sha1-+nG63UQ3r0wUiEHjs7Fl+enlkLc="
    },
    "vscode-jsonrpc": {
      "version": "3.5.0",
      "resolved": "https://registry.npmjs.org/vscode-jsonrpc/-/vscode-jsonrpc-3.5.0.tgz",
      "integrity": "sha1-hyOdnhZrLXNSJFuKgTWXgEwdY6o="
    },
    "vscode-languageserver": {
      "version": "4.0.0-next.5",
      "resolved": "https://registry.npmjs.org/vscode-languageserver/-/vscode-languageserver-4.0.0-next.5.tgz",
      "integrity": "sha512-uJPSNpRFqrcLlp/nxXXp0gHMcbWjrLH1bVugGLcBfyNfnDpJ3gTbSbDOiD2vktUlm7vimMVaMW+G118kzB7/bw==",
      "requires": {
        "vscode-languageserver-protocol": "3.6.0-next.6",
        "vscode-uri": "1.0.1"
      }
    },
    "vscode-languageserver-protocol": {
      "version": "3.6.0-next.6",
      "resolved": "https://registry.npmjs.org/vscode-languageserver-protocol/-/vscode-languageserver-protocol-3.6.0-next.6.tgz",
      "integrity": "sha512-v+ON65WvXcVDF2lojxzYaPBj/JsdGRhv+QL4oq2a9hrcq9DvvKiQG00brKDB3ZfzKxgQ5qTVTVtRrBc2tMwQBA==",
      "requires": {
        "vscode-jsonrpc": "3.6.0-next.1",
        "vscode-languageserver-types": "3.6.0-next.1"
      },
      "dependencies": {
        "vscode-jsonrpc": {
          "version": "3.6.0-next.1",
          "resolved": "https://registry.npmjs.org/vscode-jsonrpc/-/vscode-jsonrpc-3.6.0-next.1.tgz",
          "integrity": "sha512-l8I0TeYUTHH5hkOMEPZpwLyVKqP6ond/OhZ2TtKtyAxVyOrQEFhdSz+Yvbl/jSQmb3GmlQMz6nJ8Pv6UtI/Xog=="
        },
        "vscode-languageserver-types": {
          "version": "3.6.0-next.1",
          "resolved": "https://registry.npmjs.org/vscode-languageserver-types/-/vscode-languageserver-types-3.6.0-next.1.tgz",
          "integrity": "sha512-n4G+hCgZwAhtcJSCkwJP153TLdcEBWwrIrb3Su/SpOkhmU7KjDgxaQBLA45hf+QbhB8uKQb+TVStPvbuYFHSMA=="
        }
      }
    },
    "vscode-languageserver-types": {
      "version": "3.5.0",
      "resolved": "https://registry.npmjs.org/vscode-languageserver-types/-/vscode-languageserver-types-3.5.0.tgz",
      "integrity": "sha1-5I15li8LjgLelV4/UkkI4rGcA3Q="
    },
    "vscode-uri": {
      "version": "1.0.1",
      "resolved": "https://registry.npmjs.org/vscode-uri/-/vscode-uri-1.0.1.tgz",
      "integrity": "sha1-Eahr7+rDxKo+wIYjZRo8gabQu8g="
    }
  }
}
